
Microsoft Visual Studio Solution File, Format Version 12.00
# Visual Studio Version 17
VisualStudioVersion = 17.1.32328.378
MinimumVisualStudioVersion = 10.0.40219.1
Project("{FAE04EC0-301F-11D3-BF4B-00C04F79EFBC}") = "dotnettraining", "dotnettraining.csproj", "{1753482F-5731-4A50-9D9B-7C64151E6B86}"
EndProject
Global
	GlobalSection(SolutionConfigurationPlatforms) = preSolution
		Debug|Any CPU = Debug|Any CPU
		Release|Any CPU = Release|Any CPU
	EndGlobalSection
	GlobalSection(ProjectConfigurationPlatforms) = postSolution
		{1753482F-5731-4A50-9D9B-7C64151E6B86}.Debug|Any CPU.ActiveCfg = Debug|Any CPU
		{1753482F-5731-4A50-9D9B-7C64151E6B86}.Debug|Any CPU.Build.0 = Debug|Any CPU
		{1753482F-5731-4A50-9D9B-7C64151E6B86}.Release|Any CPU.ActiveCfg = Release|Any CPU
		{1753482F-5731-4A50-9D9B-7C64151E6B86}.Release|Any CPU.Build.0 = Release|Any CPU
	EndGlobalSection
	GlobalSection(SolutionProperties) = preSolution
		HideSolutionNode = FALSE
	EndGlobalSection
	GlobalSection(ExtensibilityGlobals) = postSolution
		SolutionGuid = {00B5465B-8BF8-41EE-BC25-5C5AB19E5015}
	EndGlobalSection
EndGlobal
